# THIS IS AN AUTOGENERATED FILE. DO NOT EDIT THIS FILE DIRECTLY.
# yarn lockfile v1


"@msgpackr-extract/msgpackr-extract-darwin-arm64@3.0.3":
  version "3.0.3"
  resolved "https://registry.yarnpkg.com/@msgpackr-extract/msgpackr-extract-darwin-arm64/-/msgpackr-extract-darwin-arm64-3.0.3.tgz#9edec61b22c3082018a79f6d1c30289ddf3d9d11"
  integrity sha512-QZHtlVgbAdy2zAqNA9Gu1UpIuI8Xvsd1v8ic6B2pZmeFnFcMWiPLfWXh7TVw4eGEZ/C9TH281KwhVoeQUKbyjw==

"@msgpackr-extract/msgpackr-extract-darwin-x64@3.0.3":
  version "3.0.3"
  resolved "https://registry.yarnpkg.com/@msgpackr-extract/msgpackr-extract-darwin-x64/-/msgpackr-extract-darwin-x64-3.0.3.tgz#33677a275204898ad8acbf62734fc4dc0b6a4855"
  integrity sha512-mdzd3AVzYKuUmiWOQ8GNhl64/IoFGol569zNRdkLReh6LRLHOXxU4U8eq0JwaD8iFHdVGqSy4IjFL4reoWCDFw==

"@msgpackr-extract/msgpackr-extract-linux-arm64@3.0.3":
  version "3.0.3"
  resolved "https://registry.yarnpkg.com/@msgpackr-extract/msgpackr-extract-linux-arm64/-/msgpackr-extract-linux-arm64-3.0.3.tgz#19edf7cdc2e7063ee328403c1d895a86dd28f4bb"
  integrity sha512-YxQL+ax0XqBJDZiKimS2XQaf+2wDGVa1enVRGzEvLLVFeqa5kx2bWbtcSXgsxjQB7nRqqIGFIcLteF/sHeVtQg==

"@msgpackr-extract/msgpackr-extract-linux-arm@3.0.3":
  version "3.0.3"
  resolved "https://registry.yarnpkg.com/@msgpackr-extract/msgpackr-extract-linux-arm/-/msgpackr-extract-linux-arm-3.0.3.tgz#94fb0543ba2e28766c3fc439cabbe0440ae70159"
  integrity sha512-fg0uy/dG/nZEXfYilKoRe7yALaNmHoYeIoJuJ7KJ+YyU2bvY8vPv27f7UKhGRpY6euFYqEVhxCFZgAUNQBM3nw==

"@msgpackr-extract/msgpackr-extract-linux-x64@3.0.3":
  version "3.0.3"
  resolved "https://registry.yarnpkg.com/@msgpackr-extract/msgpackr-extract-linux-x64/-/msgpackr-extract-linux-x64-3.0.3.tgz#4a0609ab5fe44d07c9c60a11e4484d3c38bbd6e3"
  integrity sha512-cvwNfbP07pKUfq1uH+S6KJ7dT9K8WOE4ZiAcsrSes+UY55E/0jLYc+vq+DO7jlmqRb5zAggExKm0H7O/CBaesg==

"@msgpackr-extract/msgpackr-extract-win32-x64@3.0.3":
  version "3.0.3"
  resolved "https://registry.yarnpkg.com/@msgpackr-extract/msgpackr-extract-win32-x64/-/msgpackr-extract-win32-x64-3.0.3.tgz#0aa5502d547b57abfc4ac492de68e2006e417242"
  integrity sha512-x0fWaQtYp4E6sktbsdAqnehxDgEc/VwM7uLsRCYWaiGu0ykYdZPiS8zCWdnjHwyiumousxfBm4SO31eXqwEZhQ==

"@placemarkio/tokml@^0.3.3":
  version "0.3.3"
  resolved "https://registry.yarnpkg.com/@placemarkio/tokml/-/tokml-0.3.3.tgz#5b42c19d38fda3577cb6c09904ca7e9622bb793e"
  integrity sha512-Y6lprxpPfDxLoUyeNcI/vfxMkeWlTjNFvh73zlxfQtZ8TWIj+rmPY99l5wNFVkHQOAwCzLaBXyxULpbtaMGyHQ==

"@rollup/rollup-linux-x64-gnu@^4.44.1":
  version "4.45.1"
  resolved "https://registry.yarnpkg.com/@rollup/rollup-linux-x64-gnu/-/rollup-linux-x64-gnu-4.45.1.tgz#0d4c8d0b8f801902f0844a40a9d981a0179f4971"
  integrity sha512-+E/lYl6qu1zqgPEnTrs4WysQtvc/Sh4fC2nByfFExqgYrqkKWp1tWIbe+ELhixnenSpBbLXNi6vbEEJ8M7fiHw==

"@tmcw/togeojson@^5.6.0":
  version "5.6.0"
  resolved "https://registry.yarnpkg.com/@tmcw/togeojson/-/togeojson-5.6.0.tgz#a6c96971acdf36eef73a1c398cf19a565eb02831"
  integrity sha512-p+c0kbSY/tIwd3C0rpmTf3iFAOUYV6bkJbDiq0oQDGROOc7c6uh/X8r/mijY6SIFYIkVuKc8MS2REKhur2e6Jw==

"@types/concat-stream@^1.6.0":
  version "1.6.1"
  resolved "https://registry.yarnpkg.com/@types/concat-stream/-/concat-stream-1.6.1.tgz#24bcfc101ecf68e886aaedce60dfd74b632a1b74"
  integrity sha512-eHE4cQPoj6ngxBZMvVf6Hw7Mh4jMW4U9lpGmS5GBPB9RYxlFg+CHaVN7ErNY4W9XfLIEn20b4VDYaIrbq0q4uA==
  dependencies:
    "@types/node" "*"

"@types/form-data@0.0.33":
  version "0.0.33"
  resolved "https://registry.yarnpkg.com/@types/form-data/-/form-data-0.0.33.tgz#c9ac85b2a5fd18435b8c85d9ecb50e6d6c893ff8"
  integrity sha1-yayFsqX9GENbjIXZ7LUObWyJP/g=
  dependencies:
    "@types/node" "*"

"@types/node@*":
  version "16.9.1"
  resolved "https://registry.yarnpkg.com/@types/node/-/node-16.9.1.tgz#0611b37db4246c937feef529ddcc018cf8e35708"
  integrity sha512-QpLcX9ZSsq3YYUUnD3nFDY8H7wctAhQj/TFKL8Ya8v5fMm3CFXxo8zStsLAl780ltoYoo1WvKUVGBQK+1ifr7g==

"@types/node@^10.0.3":
  version "10.17.60"
  resolved "https://registry.yarnpkg.com/@types/node/-/node-10.17.60.tgz#35f3d6213daed95da7f0f73e75bcc6980e90597b"
  integrity sha512-F0KIgDJfy2nA3zMLmWGKxcH2ZVEtCZXHHdOQs2gSaQ27+lNeEfGxzkIw90aXswATX7AZ33tahPbzy6KAfUreVw==

"@types/node@^7.0.31":
  version "7.10.14"
  resolved "https://registry.yarnpkg.com/@types/node/-/node-7.10.14.tgz#06fa7319b8131b969a8da4a14c487e6f28abacf7"
  integrity sha512-29GS75BE8asnTno3yB6ubOJOO0FboExEqNJy4bpz0GSmW/8wPTNL4h9h63c6s1uTrOopCmJYe/4yJLh5r92ZUA==

"@types/node@^8.0.0":
  version "8.10.66"
  resolved "https://registry.yarnpkg.com/@types/node/-/node-8.10.66.tgz#dd035d409df322acc83dff62a602f12a5783bbb3"
  integrity sha512-tktOkFUA4kXx2hhhrB8bIFb5TbwzS4uOhKEmwiD+NoiL0qtP2OQ9mFldbgD4dV1djrlBYP6eBuQZiWjuHUpqFw==

"@types/qs@^6.2.31":
  version "6.9.7"
  resolved "https://registry.yarnpkg.com/@types/qs/-/qs-6.9.7.tgz#63bb7d067db107cc1e457c303bc25d511febf6cb"
  integrity sha512-FGa1F62FT09qcrueBA6qYTrJPVDzah9a+493+o2PCXsesWHIn27G98TsSMs3WPNbZIEj4+VJf6saSFpvD+3Zsw==

"@xmldom/xmldom@^0.8.6":
  version "0.8.6"
  resolved "https://registry.yarnpkg.com/@xmldom/xmldom/-/xmldom-0.8.6.tgz#8a1524eb5bd5e965c1e3735476f0262469f71440"
  integrity sha512-uRjjusqpoqfmRkTaNuLJ2VohVr67Q5YwDATW3VU7PfzTj6IRaihGrYI7zckGZjxQPBIp63nfvJbM+Yu5ICh0Bg==

adm-zip@^0.5.9:
  version "0.5.10"
  resolved "https://registry.yarnpkg.com/adm-zip/-/adm-zip-0.5.10.tgz#4a51d5ab544b1f5ce51e1b9043139b639afff45b"
  integrity sha512-x0HvcHqVJNTPk/Bw8JbLWlWoo6Wwnsug0fnYYro1HBrjxZ3G7/AZk7Ahv8JwDe1uIcz8eBqvu86FuF1POiG7vQ==

asap@~2.0.6:
  version "2.0.6"
  resolved "https://registry.yarnpkg.com/asap/-/asap-2.0.6.tgz#e50347611d7e690943208bbdafebcbc2fb866d46"
  integrity sha1-5QNHYR1+aQlDIIu9r+vLwvuGbUY=

asynckit@^0.4.0:
  version "0.4.0"
  resolved "https://registry.yarnpkg.com/asynckit/-/asynckit-0.4.0.tgz#c79ed97f7f34cb8f2ba1bc9790bcc366474b4b79"
  integrity sha1-x57Zf380y48robyXkLzDZkdLS3k=

buffer-from@^1.0.0:
  version "1.1.2"
  resolved "https://registry.yarnpkg.com/buffer-from/-/buffer-from-1.1.2.tgz#2b146a6fd72e80b4f55d255f35ed59a3a9a41bd5"
  integrity sha512-E+XQCRwSbaaiChtv6k6Dwgc+bx+Bs6vuKJHHl5kox/BaKbhiXzqQOwK4cO22yElGp2OCmjwVhT3HmxgyPGnJfQ==

call-bind@^1.0.0:
  version "1.0.2"
  resolved "https://registry.yarnpkg.com/call-bind/-/call-bind-1.0.2.tgz#b1d4e89e688119c3c9a903ad30abb2f6a919be3c"
  integrity sha512-7O+FbCihrB5WGbFYesctwmTKae6rOiIzmz1icreWJ+0aA7LJfuqhEso2T9ncpcFtzMQtzXf2QGGueWJGTYsqrA==
  dependencies:
    function-bind "^1.1.1"
    get-intrinsic "^1.0.2"

caseless@~0.12.0:
  version "0.12.0"
  resolved "https://registry.yarnpkg.com/caseless/-/caseless-0.12.0.tgz#1b681c21ff84033c826543090689420d187151dc"
  integrity sha1-G2gcIf+EAzyCZUMJBolCDRhxUdw=

combined-stream@^1.0.6:
  version "1.0.8"
  resolved "https://registry.yarnpkg.com/combined-stream/-/combined-stream-1.0.8.tgz#c3d45a8b34fd730631a110a8a2520682b31d5a7f"
  integrity sha512-FQN4MRfuJeHf7cBbBMJFXhKSDq+2kAArBlmRBvcvFE5BB1HZKXtSFASDhdlz9zOYwxh8lDdnvmMOe/+5cdoEdg==
  dependencies:
    delayed-stream "~1.0.0"

commander@7.0.0:
  version "7.0.0"
  resolved "https://registry.yarnpkg.com/commander/-/commander-7.0.0.tgz#3e2bbfd8bb6724760980988fb5b22b7ee6b71ab2"
  integrity sha512-ovx/7NkTrnPuIV8sqk/GjUIIM1+iUQeqA3ye2VNpq9sVoiZsooObWlQy+OPWGI17GDaEoybuAGJm6U8yC077BA==

concat-stream@^1.4.6, concat-stream@^1.6.0:
  version "1.6.2"
  resolved "https://registry.yarnpkg.com/concat-stream/-/concat-stream-1.6.2.tgz#904bdf194cd3122fc675c77fc4ac3d4ff0fd1a34"
  integrity sha512-27HBghJxjiZtIk3Ycvn/4kbJk/1uZuJFfuPEns6LaEvpvG1f0hTea8lilrouyo9mVc2GWdcEZ8OLoGmSADlrCw==
  dependencies:
    buffer-from "^1.0.0"
    inherits "^2.0.3"
    readable-stream "^2.2.2"
    typedarray "^0.0.6"

cookies@^0.8.0:
  version "0.8.0"
  resolved "https://registry.yarnpkg.com/cookies/-/cookies-0.8.0.tgz#1293ce4b391740a8406e3c9870e828c4b54f3f90"
  integrity sha512-8aPsApQfebXnuI+537McwYsDtjVxGm8gTIzQI3FDW6t5t/DAhERxtnbEPN/8RX+uZthoz4eCOgloXaE5cYyNow==
  dependencies:
    depd "~2.0.0"
    keygrip "~1.1.0"

core-util-is@~1.0.0:
  version "1.0.3"
  resolved "https://registry.yarnpkg.com/core-util-is/-/core-util-is-1.0.3.tgz#a6042d3634c2b27e9328f837b965fac83808db85"
  integrity sha512-ZQBvi1DcpJ4GDqanjucZ2Hj3wEO5pZDS89BWbkcrvdxksJorwUDDZamX9ldFkp9aw2lmBDLgkObEA4DWNJ9FYQ==

"d3-color@1 - 3", d3-color@3.1.0:
  version "3.1.0"
  resolved "https://registry.yarnpkg.com/d3-color/-/d3-color-3.1.0.tgz#395b2833dfac71507f12ac2f7af23bf819de24e2"
  integrity sha512-zg/chbXyeBtMQ1LbD/WSoW2DpC3I0mpmPdW+ynRTj/x2DAWYrIY7qeZIHidozwV24m4iavr15lNwIwLxRmOxhA==

"d3-interpolate@1 - 3", d3-interpolate@^3.0.1:
  version "3.0.1"
  resolved "https://registry.yarnpkg.com/d3-interpolate/-/d3-interpolate-3.0.1.tgz#3c47aa5b32c5b3dfb56ef3fd4342078a632b400d"
  integrity sha512-3bYs1rOD33uo8aqJfKP3JWPAibgw8Zm2+L9vBKEHJ2Rg+viTR7o5Mmv5mZcieN+FRYaAOWX5SJATX6k1PWz72g==
  dependencies:
    d3-color "1 - 3"

d3-scale-chromatic@3.0.0:
  version "3.0.0"
  resolved "https://registry.yarnpkg.com/d3-scale-chromatic/-/d3-scale-chromatic-3.0.0.tgz#15b4ceb8ca2bb0dcb6d1a641ee03d59c3b62376a"
  integrity sha512-Lx9thtxAKrO2Pq6OO2Ua474opeziKr279P/TKZsMAhYyNDD3EnCffdbgeSYN5O7m2ByQsxtuP2CSDczNUIZ22g==
  dependencies:
    d3-color "1 - 3"
    d3-interpolate "1 - 3"

delaunator@^5.0.0:
  version "5.0.0"
  resolved "https://registry.yarnpkg.com/delaunator/-/delaunator-5.0.0.tgz#60f052b28bd91c9b4566850ebf7756efe821d81b"
  integrity sha512-AyLvtyJdbv/U1GkiS6gUUzclRoAY4Gs75qkMygJJhU75LW4DNuSF2RMzpxs9jw9Oz1BobHjTdkG3zdP55VxAqw==
  dependencies:
    robust-predicates "^3.0.0"

delayed-stream@~1.0.0:
  version "1.0.0"
  resolved "https://registry.yarnpkg.com/delayed-stream/-/delayed-stream-1.0.0.tgz#df3ae199acadfb7d440aaae0b29e2272b24ec619"
  integrity sha1-3zrhmayt+31ECqrgsp4icrJOxhk=

depd@~2.0.0:
  version "2.0.0"
  resolved "https://registry.yarnpkg.com/depd/-/depd-2.0.0.tgz#b696163cc757560d09cf22cc8fad1571b79e76df"
  integrity sha512-g7nH6P6dyDioJogAAGprGpCtVImJhpPk/roCzdb3fIh61/s/nPsfR6onyMwkCAR/OlC3yBC0lESvUoQEAssIrw==

detect-libc@^2.0.1:
  version "2.0.3"
  resolved "https://registry.yarnpkg.com/detect-libc/-/detect-libc-2.0.3.tgz#f0cd503b40f9939b894697d19ad50895e30cf700"
  integrity sha512-bwy0MGW55bG41VqxxypOsdSdGqLwXPI/focwgTYCFMbdUiBAxLg9CFzG08sz2aqzknwiX7Hkl0bQENjg8iLByw==

fflate@0.8.2:
  version "0.8.2"
  resolved "https://registry.yarnpkg.com/fflate/-/fflate-0.8.2.tgz#fc8631f5347812ad6028bbe4a2308b2792aa1dea"
  integrity sha512-cPJU47OaAoCbg0pBvzsgpTPhmhqI5eJjh/JIu8tPj5q+T7iLvW/JAYUqmE7KOB4R1ZyEhzBaIQpQpardBF5z8A==

flatbush@^3.2.1:
  version "3.3.0"
  resolved "https://registry.yarnpkg.com/flatbush/-/flatbush-3.3.0.tgz#b68c9149107ae86d2bce6373491f404ba4f4534e"
  integrity sha512-F3EzQvKpdmXUbFwWxLKBpytOFEGYQMCTBLuqZ4GEajFOEAvnOIBiyxW3OFSZXIOtpCS8teN6bFEpNZtnVXuDQA==
  dependencies:
    flatqueue "^1.2.0"

flatqueue@^1.2.0:
  version "1.2.1"
  resolved "https://registry.yarnpkg.com/flatqueue/-/flatqueue-1.2.1.tgz#82f501758fc5925742fbeb478637230456157ef2"
  integrity sha512-X86TpWS1rGuY7m382HuA9vngLeDuWA9lJvhEG+GfgKMV5onSvx5a71cl7GMbXzhWtlN9dGfqOBrpfqeOtUfGYQ==

form-data@^2.2.0:
  version "2.5.1"
  resolved "https://registry.yarnpkg.com/form-data/-/form-data-2.5.1.tgz#f2cbec57b5e59e23716e128fe44d4e5dd23895f4"
  integrity sha512-m21N3WOmEEURgk6B9GLOE4RuWOFf28Lhh9qGYeNlGq4VDXUlJy2th2slBNU8Gp8EzloYZOibZJ7t5ecIrFSjVA==
  dependencies:
    asynckit "^0.4.0"
    combined-stream "^1.0.6"
    mime-types "^2.1.12"

function-bind@^1.1.1:
  version "1.1.1"
  resolved "https://registry.yarnpkg.com/function-bind/-/function-bind-1.1.1.tgz#a56899d3ea3c9bab874bb9773b7c5ede92f4895d"
  integrity sha512-yIovAzMX49sF8Yl58fSCWJ5svSLuaibPxXQJFLmBObTuCr0Mf1KiPopGM9NiFjiYBCbfaa2Fh6breQ6ANVTI0A==

geographiclib@1.48.0:
  version "1.48.0"
  resolved "https://registry.yarnpkg.com/geographiclib/-/geographiclib-1.48.0.tgz#8ff2ae185ad380f675db6a243935fadd147def82"
  integrity sha1-j/KuGFrTgPZ122okOTX63RR974I=

geokdbush@^1.1.0:
  version "1.1.0"
  resolved "https://registry.yarnpkg.com/geokdbush/-/geokdbush-1.1.0.tgz#aa5e8e7953a6594b40a85fbdb61059af0f51468f"
  integrity sha1-ql6OeVOmWUtAqF+9thBZrw9RRo8=
  dependencies:
    tinyqueue "^1.2.2"

get-intrinsic@^1.0.2:
  version "1.1.1"
  resolved "https://registry.yarnpkg.com/get-intrinsic/-/get-intrinsic-1.1.1.tgz#15f59f376f855c446963948f0d24cd3637b4abc6"
  integrity sha512-kWZrnVM42QCiEA2Ig1bG8zjoIMOgxWwYCEeNdwY6Tv/cOSeGpcoX4pXHfKUxNKVoArnrEr2e9srnAxxGIraS9Q==
  dependencies:
    function-bind "^1.1.1"
    has "^1.0.3"
    has-symbols "^1.0.1"

get-port@^3.1.0:
  version "3.2.0"
  resolved "https://registry.yarnpkg.com/get-port/-/get-port-3.2.0.tgz#dd7ce7de187c06c8bf353796ac71e099f0980ebc"
  integrity sha1-3Xzn3hh8Bsi/NTeWrHHgmfCYDrw=

has-symbols@^1.0.1:
  version "1.0.2"
  resolved "https://registry.yarnpkg.com/has-symbols/-/has-symbols-1.0.2.tgz#165d3070c00309752a1236a479331e3ac56f1423"
  integrity sha512-chXa79rL/UC2KlX17jo3vRGz0azaWEx5tGqZg5pO3NUyEJVB17dMruQlzCCOfUvElghKcm5194+BCRvi2Rv/Gw==

has@^1.0.3:
  version "1.0.3"
  resolved "https://registry.yarnpkg.com/has/-/has-1.0.3.tgz#722d7cbfc1f6aa8241f16dd814e011e1f41e8796"
  integrity sha512-f2dvO0VU6Oej7RkWJGrehjbzMAjFp5/VKPp5tTpWIV4JHHZK1/BxbFRtf/siA2SWTe09caDmVtYYzWEIbBS4zw==
  dependencies:
    function-bind "^1.1.1"

http-basic@^6.0.0:
  version "6.0.0"
  resolved "https://registry.yarnpkg.com/http-basic/-/http-basic-6.0.0.tgz#1d63df8f891e1e25e0c2c84d7a2d94702d6ae229"
  integrity sha512-7ScbVjuiReYe8S+OZOpNjoKGXrbhJHIrQQe7eq1TpLTJkxH8MPKvnTUzq/TNLjww1hdFQy8yUIC42wuLhCjYcQ==
  dependencies:
    "@types/concat-stream" "^1.6.0"
    "@types/node" "^7.0.31"
    caseless "~0.12.0"
    concat-stream "^1.4.6"
    http-response-object "^3.0.1"
    parse-cache-control "^1.0.1"

http-response-object@^3.0.1:
  version "3.0.2"
  resolved "https://registry.yarnpkg.com/http-response-object/-/http-response-object-3.0.2.tgz#7f435bb210454e4360d074ef1f989d5ea8aa9810"
  integrity sha512-bqX0XTF6fnXSQcEJ2Iuyr75yVakyjIDCqroJQ/aHfSdlM743Cwqoi2nDYMzLGWUcuTWGWy8AAvOKXTfiv6q9RA==
  dependencies:
    "@types/node" "^10.0.3"

iconv-lite@^0.6.3:
  version "0.6.3"
  resolved "https://registry.yarnpkg.com/iconv-lite/-/iconv-lite-0.6.3.tgz#a52f80bf38da1952eb5c681790719871a1a72501"
  integrity sha512-4fCk79wshMdzMp2rH06qWrJE4iolqLhCUH+OiuIgU++RB0+94NlDL81atO7GX55uUKueo0txHNtvEyI6D7WdMw==
  dependencies:
    safer-buffer ">= 2.1.2 < 3.0.0"

idb-keyval@^6.2.0:
  version "6.2.0"
  resolved "https://registry.yarnpkg.com/idb-keyval/-/idb-keyval-6.2.0.tgz#3af94a3cc0689d6ee0bc9e045d2a3340ea897173"
  integrity sha512-uw+MIyQn2jl3+hroD7hF8J7PUviBU7BPKWw4f/ISf32D4LoGu98yHjrzWWJDASu9QNrX10tCJqk9YY0ClWm8Ng==
  dependencies:
    safari-14-idb-fix "^3.0.0"

inherits@^2.0.3, inherits@~2.0.3:
  version "2.0.4"
  resolved "https://registry.yarnpkg.com/inherits/-/inherits-2.0.4.tgz#0fa2c64f932917c3433a0ded55363aae37416b7c"
  integrity sha512-k/vGaX4/Yla3WzyMCvTQOXYeIHvqOKtnqBduzTHpzpQZzAskKMhZ2K+EnBiSM9zGSoIFeMpXKxa4dYeZIQqewQ==

is-wsl@^1.1.0:
  version "1.1.0"
  resolved "https://registry.yarnpkg.com/is-wsl/-/is-wsl-1.1.0.tgz#1f16e4aa22b04d1336b66188a66af3c600c3a66d"
  integrity sha1-HxbkqiKwTRM2tmGIpmrzxgDDpm0=

isarray@~1.0.0:
  version "1.0.0"
  resolved "https://registry.yarnpkg.com/isarray/-/isarray-1.0.0.tgz#bb935d48582cba168c06834957a54a3e07124f11"
  integrity sha1-u5NdSFgsuhaMBoNJV6VKPgcSTxE=

kdbush@^3.0.0:
  version "3.0.0"
  resolved "https://registry.yarnpkg.com/kdbush/-/kdbush-3.0.0.tgz#f8484794d47004cc2d85ed3a79353dbe0abc2bf0"
  integrity sha512-hRkd6/XW4HTsA9vjVpY9tuXJYLSlelnkTmVFu4M9/7MIYQtFcHpbugAU7UbOfjOiVSVYl2fqgBuJ32JUmRo5Ew==

keygrip@~1.1.0:
  version "1.1.0"
  resolved "https://registry.yarnpkg.com/keygrip/-/keygrip-1.1.0.tgz#871b1681d5e159c62a445b0c74b615e0917e7226"
  integrity sha512-iYSchDJ+liQ8iwbSI2QqsQOvqv58eJCEanyJPJi+Khyu8smkcKSFUCbPwzFcL7YVtZ6eONjqRX/38caJ7QjRAQ==
  dependencies:
    tsscmp "1.0.6"

mapshaper@^0.6.106:
  version "0.6.106"
  resolved "https://registry.yarnpkg.com/mapshaper/-/mapshaper-0.6.106.tgz#789b75bd25ca4a495965e4e61170a5623851a176"
  integrity sha512-hf2T5yycfLVnD7AMz5v+iSDs7h+ioUR3iKAN6oW69y9aclJXfOjjGdK8mCpu/7dLjj1r+QvQVANaaaCDJC98Tw==
  dependencies:
    "@placemarkio/tokml" "^0.3.3"
    "@tmcw/togeojson" "^5.6.0"
    "@xmldom/xmldom" "^0.8.6"
    adm-zip "^0.5.9"
    commander "7.0.0"
    cookies "^0.8.0"
    d3-color "3.1.0"
    d3-interpolate "^3.0.1"
    d3-scale-chromatic "3.0.0"
    delaunator "^5.0.0"
    fflate "0.8.2"
    flatbush "^3.2.1"
    geokdbush "^1.1.0"
    iconv-lite "^0.6.3"
    idb-keyval "^6.2.0"
    kdbush "^3.0.0"
    mproj "0.0.40"
    msgpackr "^1.10.1"
    opn "^5.3.0"
    rw "~1.3.3"
    sync-request "5.0.0"
    tinyqueue "^2.0.3"
  optionalDependencies:
    "@rollup/rollup-linux-x64-gnu" "^4.44.1"

mime-db@1.49.0:
  version "1.49.0"
  resolved "https://registry.yarnpkg.com/mime-db/-/mime-db-1.49.0.tgz#f3dfde60c99e9cf3bc9701d687778f537001cbed"
  integrity sha512-CIc8j9URtOVApSFCQIF+VBkX1RwXp/oMMOrqdyXSBXq5RWNEsRfyj1kiRnQgmNXmHxPoFIxOroKA3zcU9P+nAA==

mime-types@^2.1.12:
  version "2.1.32"
  resolved "https://registry.yarnpkg.com/mime-types/-/mime-types-2.1.32.tgz#1d00e89e7de7fe02008db61001d9e02852670fd5"
  integrity sha512-hJGaVS4G4c9TSMYh2n6SQAGrC4RnfU+daP8G7cSCmaqNjiOoUY0VHCMS42pxnQmVF1GWwFhbHWn3RIxCqTmZ9A==
  dependencies:
    mime-db "1.49.0"

mproj@0.0.40:
  version "0.0.40"
  resolved "https://registry.yarnpkg.com/mproj/-/mproj-0.0.40.tgz#87b939304f432998becc099608d703777f8eedbc"
  integrity sha512-Fda92o5LkFUr0Tbz/5QsVhsIgbhnrnQf/eLkYRWGfKspbgvjA0VCk1FF5bT1TgpMHAP7000alBRkV7Q7hesnQg==
  dependencies:
    geographiclib "1.48.0"
    rw "~1.3.2"

msgpackr-extract@^3.0.2:
  version "3.0.3"
  resolved "https://registry.yarnpkg.com/msgpackr-extract/-/msgpackr-extract-3.0.3.tgz#e9d87023de39ce714872f9e9504e3c1996d61012"
  integrity sha512-P0efT1C9jIdVRefqjzOQ9Xml57zpOXnIuS+csaB4MdZbTdmGDLo8XhzBG1N7aO11gKDDkJvBLULeFTo46wwreA==
  dependencies:
    node-gyp-build-optional-packages "5.2.2"
  optionalDependencies:
    "@msgpackr-extract/msgpackr-extract-darwin-arm64" "3.0.3"
    "@msgpackr-extract/msgpackr-extract-darwin-x64" "3.0.3"
    "@msgpackr-extract/msgpackr-extract-linux-arm" "3.0.3"
    "@msgpackr-extract/msgpackr-extract-linux-arm64" "3.0.3"
    "@msgpackr-extract/msgpackr-extract-linux-x64" "3.0.3"
    "@msgpackr-extract/msgpackr-extract-win32-x64" "3.0.3"

msgpackr@^1.10.1:
  version "1.11.2"
  resolved "https://registry.yarnpkg.com/msgpackr/-/msgpackr-1.11.2.tgz#4463b7f7d68f2e24865c395664973562ad24473d"
  integrity sha512-F9UngXRlPyWCDEASDpTf6c9uNhGPTqnTeLVt7bN+bU1eajoR/8V9ys2BRaV5C/e5ihE6sJ9uPIKaYt6bFuO32g==
  optionalDependencies:
    msgpackr-extract "^3.0.2"

node-gyp-build-optional-packages@5.2.2:
  version "5.2.2"
  resolved "https://registry.yarnpkg.com/node-gyp-build-optional-packages/-/node-gyp-build-optional-packages-5.2.2.tgz#522f50c2d53134d7f3a76cd7255de4ab6c96a3a4"
  integrity sha512-s+w+rBWnpTMwSFbaE0UXsRlg7hU4FjekKU4eyAih5T8nJuNZT1nNsskXpxmeqSK9UzkBl6UgRlnKc8hz8IEqOw==
  dependencies:
    detect-libc "^2.0.1"

object-inspect@^1.9.0:
  version "1.11.0"
  resolved "https://registry.yarnpkg.com/object-inspect/-/object-inspect-1.11.0.tgz#9dceb146cedd4148a0d9e51ab88d34cf509922b1"
  integrity sha512-jp7ikS6Sd3GxQfZJPyH3cjcbJF6GZPClgdV+EFygjFLQ5FmW/dRUnTd9PQ9k0JhoNDabWFbpF1yCdSWCC6gexg==

opn@^5.3.0:
  version "5.5.0"
  resolved "https://registry.yarnpkg.com/opn/-/opn-5.5.0.tgz#fc7164fab56d235904c51c3b27da6758ca3b9bfc"
  integrity sha512-PqHpggC9bLV0VeWcdKhkpxY+3JTzetLSqTCWL/z/tFIbI6G8JCjondXklT1JinczLz2Xib62sSp0T/gKT4KksA==
  dependencies:
    is-wsl "^1.1.0"

parse-cache-control@^1.0.1:
  version "1.0.1"
  resolved "https://registry.yarnpkg.com/parse-cache-control/-/parse-cache-control-1.0.1.tgz#8eeab3e54fa56920fe16ba38f77fa21aacc2d74e"
  integrity sha1-juqz5U+laSD+Fro493+iGqzC104=

process-nextick-args@~2.0.0:
  version "2.0.1"
  resolved "https://registry.yarnpkg.com/process-nextick-args/-/process-nextick-args-2.0.1.tgz#7820d9b16120cc55ca9ae7792680ae7dba6d7fe2"
  integrity sha512-3ouUOpQhtgrbOa17J7+uxOTpITYWaGP7/AhoR3+A+/1e9skrzelGi/dXzEYyvbxubEF6Wn2ypscTKiKJFFn1ag==

promise@^8.0.0:
  version "8.1.0"
  resolved "https://registry.yarnpkg.com/promise/-/promise-8.1.0.tgz#697c25c3dfe7435dd79fcd58c38a135888eaf05e"
  integrity sha512-W04AqnILOL/sPRXziNicCjSNRruLAuIHEOVBazepu0545DDNGYHz7ar9ZgZ1fMU8/MA4mVxp5rkBWRi6OXIy3Q==
  dependencies:
    asap "~2.0.6"

qs@^6.4.0:
  version "6.10.1"
  resolved "https://registry.yarnpkg.com/qs/-/qs-6.10.1.tgz#4931482fa8d647a5aab799c5271d2133b981fb6a"
  integrity sha512-M528Hph6wsSVOBiYUnGf+K/7w0hNshs/duGsNXPUCLH5XAqjEtiPGwNONLV0tBH8NoGb0mvD5JubnUTrujKDTg==
  dependencies:
    side-channel "^1.0.4"

readable-stream@^2.2.2:
  version "2.3.7"
  resolved "https://registry.yarnpkg.com/readable-stream/-/readable-stream-2.3.7.tgz#1eca1cf711aef814c04f62252a36a62f6cb23b57"
  integrity sha512-Ebho8K4jIbHAxnuxi7o42OrZgF/ZTNcsZj6nRKyUmkhLFq8CHItp/fy6hQZuZmP/n3yZ9VBUbp4zz/mX8hmYPw==
  dependencies:
    core-util-is "~1.0.0"
    inherits "~2.0.3"
    isarray "~1.0.0"
    process-nextick-args "~2.0.0"
    safe-buffer "~5.1.1"
    string_decoder "~1.1.1"
    util-deprecate "~1.0.1"

robust-predicates@^3.0.0:
  version "3.0.1"
  resolved "https://registry.yarnpkg.com/robust-predicates/-/robust-predicates-3.0.1.tgz#ecde075044f7f30118682bd9fb3f123109577f9a"
  integrity sha512-ndEIpszUHiG4HtDsQLeIuMvRsDnn8c8rYStabochtUeCvfuvNptb5TUbVD68LRAILPX7p9nqQGh4xJgn3EHS/g==

rw@~1.3.2, rw@~1.3.3:
  version "1.3.3"
  resolved "https://registry.yarnpkg.com/rw/-/rw-1.3.3.tgz#3f862dfa91ab766b14885ef4d01124bfda074fb4"
  integrity sha1-P4Yt+pGrdmsUiF700BEkv9oHT7Q=

safari-14-idb-fix@^3.0.0:
  version "3.0.0"
  resolved "https://registry.yarnpkg.com/safari-14-idb-fix/-/safari-14-idb-fix-3.0.0.tgz#450fc049b996ec7f3fd9ca2f89d32e0761583440"
  integrity sha512-eBNFLob4PMq8JA1dGyFn6G97q3/WzNtFK4RnzT1fnLq+9RyrGknzYiM/9B12MnKAxuj1IXr7UKYtTNtjyKMBog==

safe-buffer@~5.1.0, safe-buffer@~5.1.1:
  version "5.1.2"
  resolved "https://registry.yarnpkg.com/safe-buffer/-/safe-buffer-5.1.2.tgz#991ec69d296e0313747d59bdfd2b745c35f8828d"
  integrity sha512-Gd2UZBJDkXlY7GbJxfsE8/nvKkUEU1G38c1siN6QP6a9PT9MmHB8GnpscSmMJSoF8LOIrt8ud/wPtojys4G6+g==

"safer-buffer@>= 2.1.2 < 3.0.0":
  version "2.1.2"
  resolved "https://registry.yarnpkg.com/safer-buffer/-/safer-buffer-2.1.2.tgz#44fa161b0187b9549dd84bb91802f9bd8385cd6a"
  integrity sha512-YZo3K82SD7Riyi0E1EQPojLz7kpepnSQI9IyPbHHg1XXXevb5dJI7tpyN2ADxGcQbHG7vcyRHk0cbwqcQriUtg==

side-channel@^1.0.4:
  version "1.0.4"
  resolved "https://registry.yarnpkg.com/side-channel/-/side-channel-1.0.4.tgz#efce5c8fdc104ee751b25c58d4290011fa5ea2cf"
  integrity sha512-q5XPytqFEIKHkGdiMIrY10mvLRvnQh42/+GoBlFW3b2LXLE2xxJpZFdm94we0BaoV3RwJyGqg5wS7epxTv0Zvw==
  dependencies:
    call-bind "^1.0.0"
    get-intrinsic "^1.0.2"
    object-inspect "^1.9.0"

string_decoder@~1.1.1:
  version "1.1.1"
  resolved "https://registry.yarnpkg.com/string_decoder/-/string_decoder-1.1.1.tgz#9cf1611ba62685d7030ae9e4ba34149c3af03fc8"
  integrity sha512-n/ShnvDi6FHbbVfviro+WojiFzv+s8MPMHBczVePfUpDJLwoLT0ht1l4YwBCbi8pJAveEEdnkHyPyTP/mzRfwg==
  dependencies:
    safe-buffer "~5.1.0"

sync-request@5.0.0:
  version "5.0.0"
  resolved "https://registry.yarnpkg.com/sync-request/-/sync-request-5.0.0.tgz#b815d5c6e16193392ec4139a4881db5e90e88676"
  integrity sha512-NKhEA4WacR3mRBIFz1niXrIUTrUVFtP2spzrLMINangebvJ/EFyVv+LMJKvVl6UIrJM4Fburnnj91lRnqb4WkA==
  dependencies:
    http-response-object "^3.0.1"
    sync-rpc "^1.2.0"
    then-request "^5.0.0"

sync-rpc@^1.2.0:
  version "1.3.6"
  resolved "https://registry.yarnpkg.com/sync-rpc/-/sync-rpc-1.3.6.tgz#b2e8b2550a12ccbc71df8644810529deb68665a7"
  integrity sha512-J8jTXuZzRlvU7HemDgHi3pGnh/rkoqR/OZSjhTyyZrEkkYQbk7Z33AXp37mkPfPpfdOuj7Ex3H/TJM1z48uPQw==
  dependencies:
    get-port "^3.1.0"

then-request@^5.0.0:
  version "5.0.0"
  resolved "https://registry.yarnpkg.com/then-request/-/then-request-5.0.0.tgz#7a23f616799597621de8cfebc77c61fd28c00d64"
  integrity sha512-A3uIVLD33SAvB10PfsxLuQBMV8GVC/6xKBMPOvkJchi6251e5AMJ+Yy+RVKsVsnj0iYNhN2E5SkNSi58H19wsw==
  dependencies:
    "@types/concat-stream" "^1.6.0"
    "@types/form-data" "0.0.33"
    "@types/node" "^8.0.0"
    "@types/qs" "^6.2.31"
    caseless "~0.12.0"
    concat-stream "^1.6.0"
    form-data "^2.2.0"
    http-basic "^6.0.0"
    http-response-object "^3.0.1"
    promise "^8.0.0"
    qs "^6.4.0"

tinyqueue@^1.2.2:
  version "1.2.3"
  resolved "https://registry.yarnpkg.com/tinyqueue/-/tinyqueue-1.2.3.tgz#b6a61de23060584da29f82362e45df1ec7353f3d"
  integrity sha512-Qz9RgWuO9l8lT+Y9xvbzhPT2efIUIFd69N7eF7tJ9lnQl0iLj1M7peK7IoUGZL9DJHw9XftqLreccfxcQgYLxA==

tinyqueue@^2.0.3:
  version "2.0.3"
  resolved "https://registry.yarnpkg.com/tinyqueue/-/tinyqueue-2.0.3.tgz#64d8492ebf39e7801d7bd34062e29b45b2035f08"
  integrity sha512-ppJZNDuKGgxzkHihX8v9v9G5f+18gzaTfrukGrq6ueg0lmH4nqVnA2IPG0AEH3jKEk2GRJCUhDoqpoiw3PHLBA==

tsscmp@1.0.6:
  version "1.0.6"
  resolved "https://registry.yarnpkg.com/tsscmp/-/tsscmp-1.0.6.tgz#85b99583ac3589ec4bfef825b5000aa911d605eb"
  integrity sha512-LxhtAkPDTkVCMQjt2h6eBVY28KCjikZqZfMcC15YBeNjkgUpdCfBu5HoiOTDu86v6smE8yOjyEktJ8hlbANHQA==

typedarray@^0.0.6:
  version "0.0.6"
  resolved "https://registry.yarnpkg.com/typedarray/-/typedarray-0.0.6.tgz#867ac74e3864187b1d3d47d996a78ec5c8830777"
  integrity sha1-hnrHTjhkGHsdPUfZlqeOxciDB3c=

util-deprecate@~1.0.1:
  version "1.0.2"
  resolved "https://registry.yarnpkg.com/util-deprecate/-/util-deprecate-1.0.2.tgz#450d4dc9fa70de732762fbd2d4a28981419a0ccf"
  integrity sha1-RQ1Nyfpw3nMnYvvS1KKJgUGaDM8=
